
Microsoft Visual Studio Solution File, Format Version 12.00
# Visual Studio Version 17
VisualStudioVersion = 17.0.31903.59
MinimumVisualStudioVersion = 10.0.40219.1
Project("{FAE04EC0-301F-11D3-BF4B-00C04F79EFBC}") = "API", "API\API.csproj", "{DAF37B44-A105-400B-A0B4-B9DD7396139A}"
EndProject
Project("{FAE04EC0-301F-11D3-BF4B-00C04F79EFBC}") = "Core", "Core\Core.csproj", "{2320D41B-D04C-4D2F-9761-03DEB1030E83}"
EndProject
Project("{FAE04EC0-301F-11D3-BF4B-00C04F79EFBC}") = "Infrastructure", "Infrastructure\Infrastructure.csproj", "{C5957284-F071-438A-8B1B-A7B8982E9E39}"
EndProject
Global
	GlobalSection(SolutionConfigurationPlatforms) = preSolution
		Debug|Any CPU = Debug|Any CPU
		Release|Any CPU = Release|Any CPU
	EndGlobalSection
	GlobalSection(SolutionProperties) = preSolution
		HideSolutionNode = FALSE
	EndGlobalSection
	GlobalSection(ProjectConfigurationPlatforms) = postSolution
		{DAF37B44-A105-400B-A0B4-B9DD7396139A}.Debug|Any CPU.ActiveCfg = Debug|Any CPU
		{DAF37B44-A105-400B-A0B4-B9DD7396139A}.Debug|Any CPU.Build.0 = Debug|Any CPU
		{DAF37B44-A105-400B-A0B4-B9DD7396139A}.Release|Any CPU.ActiveCfg = Release|Any CPU
		{DAF37B44-A105-400B-A0B4-B9DD7396139A}.Release|Any CPU.Build.0 = Release|Any CPU
		{2320D41B-D04C-4D2F-9761-03DEB1030E83}.Debug|Any CPU.ActiveCfg = Debug|Any CPU
		{2320D41B-D04C-4D2F-9761-03DEB1030E83}.Debug|Any CPU.Build.0 = Debug|Any CPU
		{2320D41B-D04C-4D2F-9761-03DEB1030E83}.Release|Any CPU.ActiveCfg = Release|Any CPU
		{2320D41B-D04C-4D2F-9761-03DEB1030E83}.Release|Any CPU.Build.0 = Release|Any CPU
		{C5957284-F071-438A-8B1B-A7B8982E9E39}.Debug|Any CPU.ActiveCfg = Debug|Any CPU
		{C5957284-F071-438A-8B1B-A7B8982E9E39}.Debug|Any CPU.Build.0 = Debug|Any CPU
		{C5957284-F071-438A-8B1B-A7B8982E9E39}.Release|Any CPU.ActiveCfg = Release|Any CPU
		{C5957284-F071-438A-8B1B-A7B8982E9E39}.Release|Any CPU.Build.0 = Release|Any CPU
	EndGlobalSection
EndGlobal
